
Microsoft Visual Studio Solution File, Format Version 12.00
# Visual Studio 2015
Project("{FAE04EC0-301F-11D3-BF4B-00C04F79EFBC}") = "RPG For Fun.CSharp.Plugins", "RPG For Fun.CSharp.Plugins.csproj", "{F6E4EF43-CB81-8140-7B7B-948AEC2A00C3}"
EndProject
Project("{FAE04EC0-301F-11D3-BF4B-00C04F79EFBC}") = "RPG For Fun.CSharp", "RPG For Fun.CSharp.csproj", "{B0A4709C-F0EA-4995-AEE4-D3F3A548F396}"
EndProject
Global
	GlobalSection(SolutionConfigurationPlatforms) = preSolution
		Debug|Any CPU = Debug|Any CPU
		Release|Any CPU = Release|Any CPU
	EndGlobalSection
	GlobalSection(ProjectConfigurationPlatforms) = postSolution
		{F6E4EF43-CB81-8140-7B7B-948AEC2A00C3}.Debug|Any CPU.ActiveCfg = Debug|Any CPU
		{F6E4EF43-CB81-8140-7B7B-948AEC2A00C3}.Debug|Any CPU.Build.0 = Debug|Any CPU
		{F6E4EF43-CB81-8140-7B7B-948AEC2A00C3}.Release|Any CPU.ActiveCfg = Release|Any CPU
		{F6E4EF43-CB81-8140-7B7B-948AEC2A00C3}.Release|Any CPU.Build.0 = Release|Any CPU
		{B0A4709C-F0EA-4995-AEE4-D3F3A548F396}.Debug|Any CPU.ActiveCfg = Debug|Any CPU
		{B0A4709C-F0EA-4995-AEE4-D3F3A548F396}.Debug|Any CPU.Build.0 = Debug|Any CPU
		{B0A4709C-F0EA-4995-AEE4-D3F3A548F396}.Release|Any CPU.ActiveCfg = Release|Any CPU
		{B0A4709C-F0EA-4995-AEE4-D3F3A548F396}.Release|Any CPU.Build.0 = Release|Any CPU
	EndGlobalSection
	GlobalSection(SolutionProperties) = preSolution
		HideSolutionNode = FALSE
	EndGlobalSection
EndGlobal
